
Microsoft Visual Studio Solution File, Format Version 12.00
# Visual Studio Version 16
VisualStudioVersion = 16.0.31911.196
MinimumVisualStudioVersion = 10.0.40219.1
Project("{FAE04EC0-301F-11D3-BF4B-00C04F79EFBC}") = "MercadoMVC", "MercadoMVC\MercadoMVC.csproj", "{D66490BF-FB63-42C5-AD83-C91F718EC252}"
EndProject
Global
	GlobalSection(SolutionConfigurationPlatforms) = preSolution
		Debug|Any CPU = Debug|Any CPU
		Release|Any CPU = Release|Any CPU
	EndGlobalSection
	GlobalSection(ProjectConfigurationPlatforms) = postSolution
		{D66490BF-FB63-42C5-AD83-C91F718EC252}.Debug|Any CPU.ActiveCfg = Debug|Any CPU
		{D66490BF-FB63-42C5-AD83-C91F718EC252}.Debug|Any CPU.Build.0 = Debug|Any CPU
		{D66490BF-FB63-42C5-AD83-C91F718EC252}.Release|Any CPU.ActiveCfg = Release|Any CPU
		{D66490BF-FB63-42C5-AD83-C91F718EC252}.Release|Any CPU.Build.0 = Release|Any CPU
	EndGlobalSection
	GlobalSection(SolutionProperties) = preSolution
		HideSolutionNode = FALSE
	EndGlobalSection
	GlobalSection(ExtensibilityGlobals) = postSolution
		SolutionGuid = {44B1510B-37B7-4EF1-BB5A-C3E0810B543A}
	EndGlobalSection
EndGlobal
